
Microsoft Visual Studio Solution File, Format Version 12.00
# Visual Studio Version 17
VisualStudioVersion = 17.4.33213.308
MinimumVisualStudioVersion = 10.0.40219.1
Project("{FAE04EC0-301F-11D3-BF4B-00C04F79EFBC}") = "CA2_backend", "CA2_backend\CA2_backend.csproj", "{E7261425-27FB-4F00-B06B-0019BC49FFF1}"
EndProject
Global
	GlobalSection(SolutionConfigurationPlatforms) = preSolution
		Debug|Any CPU = Debug|Any CPU
		Release|Any CPU = Release|Any CPU
	EndGlobalSection
	GlobalSection(ProjectConfigurationPlatforms) = postSolution
		{E7261425-27FB-4F00-B06B-0019BC49FFF1}.Debug|Any CPU.ActiveCfg = Debug|Any CPU
		{E7261425-27FB-4F00-B06B-0019BC49FFF1}.Debug|Any CPU.Build.0 = Debug|Any CPU
		{E7261425-27FB-4F00-B06B-0019BC49FFF1}.Release|Any CPU.ActiveCfg = Release|Any CPU
		{E7261425-27FB-4F00-B06B-0019BC49FFF1}.Release|Any CPU.Build.0 = Release|Any CPU
	EndGlobalSection
	GlobalSection(SolutionProperties) = preSolution
		HideSolutionNode = FALSE
	EndGlobalSection
	GlobalSection(ExtensibilityGlobals) = postSolution
		SolutionGuid = {F679660D-FA09-4AE4-A85B-03159FECD127}
	EndGlobalSection
EndGlobal
